# This file is automatically @generated by Cargo.
# It is not intended for manual editing.
version = 4

[[package]]
name = "redesmyn-daemon"
version = "0.1.0"
dependencies = [
 "redesmyn_config",
 "redesmyn_daemon",
 "redesmyn_logging",
]

[[package]]
name = "redesmyn-server"
version = "0.1.0"
dependencies = [
 "redesmyn_config",
 "redesmyn_control_plane",
 "redesmyn_logging",
]

[[package]]
name = "redesmyn_config"
version = "0.1.0"

[[package]]
name = "redesmyn_control_plane"
version = "0.1.0"
dependencies = [
 "redesmyn_config",
 "redesmyn_domain",
 "redesmyn_ids",
 "redesmyn_logging",
 "redesmyn_protocol",
 "redesmyn_storage",
 "redesmyn_transport",
]

[[package]]
name = "redesmyn_daemon"
version = "0.1.0"
dependencies = [
 "redesmyn_config",
 "redesmyn_domain",
 "redesmyn_exec",
 "redesmyn_git",
 "redesmyn_ids",
 "redesmyn_logging",
 "redesmyn_protocol",
 "redesmyn_transport",
]

[[package]]
name = "redesmyn_desktop"
version = "0.1.0"
dependencies = [
 "redesmyn_config",
 "redesmyn_control_plane",
 "redesmyn_daemon",
 "redesmyn_logging",
 "redesmyn_transport",
]

[[package]]
name = "redesmyn_domain"
version = "0.1.0"
dependencies = [
 "redesmyn_ids",
]

[[package]]
name = "redesmyn_exec"
version = "0.1.0"
dependencies = [
 "redesmyn_domain",
 "redesmyn_ids",
 "redesmyn_protocol",
]

[[package]]
name = "redesmyn_git"
version = "0.1.0"
dependencies = [
 "redesmyn_domain",
 "redesmyn_ids",
 "redesmyn_protocol",
]

[[package]]
name = "redesmyn_ids"
version = "0.1.0"

[[package]]
name = "redesmyn_logging"
version = "0.1.0"

[[package]]
name = "redesmyn_protocol"
version = "0.1.0"
dependencies = [
 "redesmyn_ids",
]

[[package]]
name = "redesmyn_storage"
version = "0.1.0"
dependencies = [
 "redesmyn_domain",
 "redesmyn_ids",
 "redesmyn_protocol",
]

[[package]]
name = "redesmyn_transport"
version = "0.1.0"
dependencies = [
 "redesmyn_ids",
 "redesmyn_protocol",
]

[[package]]
name = "rn"
version = "0.1.0"
dependencies = [
 "redesmyn_config",
 "redesmyn_logging",
 "redesmyn_protocol",
]
